
Microsoft Visual Studio Solution File, Format Version 12.00
# Visual Studio 15
VisualStudioVersion = 15.0.27703.2035
MinimumVisualStudioVersion = 10.0.40219.1
Project("{FAE04EC0-301F-11D3-BF4B-00C04F79EFBC}") = "BootStrapImplementation", "BootStrapImplementation\BootStrapImplementation.csproj", "{76539ADE-2760-4430-BDC8-6DFCA138BD94}"
EndProject
Global
	GlobalSection(SolutionConfigurationPlatforms) = preSolution
		Debug|Any CPU = Debug|Any CPU
		Release|Any CPU = Release|Any CPU
	EndGlobalSection
	GlobalSection(ProjectConfigurationPlatforms) = postSolution
		{76539ADE-2760-4430-BDC8-6DFCA138BD94}.Debug|Any CPU.ActiveCfg = Debug|Any CPU
		{76539ADE-2760-4430-BDC8-6DFCA138BD94}.Debug|Any CPU.Build.0 = Debug|Any CPU
		{76539ADE-2760-4430-BDC8-6DFCA138BD94}.Release|Any CPU.ActiveCfg = Release|Any CPU
		{76539ADE-2760-4430-BDC8-6DFCA138BD94}.Release|Any CPU.Build.0 = Release|Any CPU
	EndGlobalSection
	GlobalSection(SolutionProperties) = preSolution
		HideSolutionNode = FALSE
	EndGlobalSection
	GlobalSection(ExtensibilityGlobals) = postSolution
		SolutionGuid = {A48986A0-9A28-4380-9390-9CC35011E832}
	EndGlobalSection
EndGlobal
